
Microsoft Visual Studio Solution File, Format Version 12.00
# Visual Studio 15
VisualStudioVersion = 15.0.28307.902
MinimumVisualStudioVersion = 10.0.40219.1
Project("{FAE04EC0-301F-11D3-BF4B-00C04F79EFBC}") = "WFTestTeacherRestoreVer.2", "WFTestTeacherRestoreVer.2\WFTestTeacherRestoreVer.2.csproj", "{035D3E77-841D-4D88-9CBB-758CF71B3A0D}"
EndProject
Global
	GlobalSection(SolutionConfigurationPlatforms) = preSolution
		Debug|Any CPU = Debug|Any CPU
		Release|Any CPU = Release|Any CPU
	EndGlobalSection
	GlobalSection(ProjectConfigurationPlatforms) = postSolution
		{035D3E77-841D-4D88-9CBB-758CF71B3A0D}.Debug|Any CPU.ActiveCfg = Debug|Any CPU
		{035D3E77-841D-4D88-9CBB-758CF71B3A0D}.Debug|Any CPU.Build.0 = Debug|Any CPU
		{035D3E77-841D-4D88-9CBB-758CF71B3A0D}.Release|Any CPU.ActiveCfg = Release|Any CPU
		{035D3E77-841D-4D88-9CBB-758CF71B3A0D}.Release|Any CPU.Build.0 = Release|Any CPU
	EndGlobalSection
	GlobalSection(SolutionProperties) = preSolution
		HideSolutionNode = FALSE
	EndGlobalSection
	GlobalSection(ExtensibilityGlobals) = postSolution
		SolutionGuid = {85AA5060-9DFC-4ADE-B82D-D42310895EF1}
	EndGlobalSection
EndGlobal
